
Microsoft Visual Studio Solution File, Format Version 12.00
# Visual Studio Version 17
VisualStudioVersion = 17.3.32825.248
MinimumVisualStudioVersion = 10.0.40219.1
Project("{FAE04EC0-301F-11D3-BF4B-00C04F79EFBC}") = "TextBoxes", "LearningSelenium\TextBoxes.csproj", "{23019956-6D7B-4D1B-9BF5-FB72FA44BFBD}"
EndProject
Project("{FAE04EC0-301F-11D3-BF4B-00C04F79EFBC}") = "CheckBoxes", "CheckBoxes\CheckBoxes.csproj", "{93B779CE-4791-42FF-97B4-E87363D10A63}"
EndProject
Project("{FAE04EC0-301F-11D3-BF4B-00C04F79EFBC}") = "RadioButtons", "RadioButtons\RadioButtons.csproj", "{176F0D52-0155-4778-B2E7-7917C1A8F053}"
EndProject
Project("{FAE04EC0-301F-11D3-BF4B-00C04F79EFBC}") = "DropDowns", "DropDowns\DropDowns.csproj", "{14A5A32E-45E2-40CF-AC66-0EE1533877EF}"
EndProject
Project("{FAE04EC0-301F-11D3-BF4B-00C04F79EFBC}") = "Alerts", "Alerts\Alerts.csproj", "{33CAD689-A0AA-457C-8177-F377DCEDBB25}"
EndProject
Global
	GlobalSection(SolutionConfigurationPlatforms) = preSolution
		Debug|Any CPU = Debug|Any CPU
		Release|Any CPU = Release|Any CPU
	EndGlobalSection
	GlobalSection(ProjectConfigurationPlatforms) = postSolution
		{23019956-6D7B-4D1B-9BF5-FB72FA44BFBD}.Debug|Any CPU.ActiveCfg = Debug|Any CPU
		{23019956-6D7B-4D1B-9BF5-FB72FA44BFBD}.Debug|Any CPU.Build.0 = Debug|Any CPU
		{23019956-6D7B-4D1B-9BF5-FB72FA44BFBD}.Release|Any CPU.ActiveCfg = Release|Any CPU
		{23019956-6D7B-4D1B-9BF5-FB72FA44BFBD}.Release|Any CPU.Build.0 = Release|Any CPU
		{93B779CE-4791-42FF-97B4-E87363D10A63}.Debug|Any CPU.ActiveCfg = Debug|Any CPU
		{93B779CE-4791-42FF-97B4-E87363D10A63}.Debug|Any CPU.Build.0 = Debug|Any CPU
		{93B779CE-4791-42FF-97B4-E87363D10A63}.Release|Any CPU.ActiveCfg = Release|Any CPU
		{93B779CE-4791-42FF-97B4-E87363D10A63}.Release|Any CPU.Build.0 = Release|Any CPU
		{176F0D52-0155-4778-B2E7-7917C1A8F053}.Debug|Any CPU.ActiveCfg = Debug|Any CPU
		{176F0D52-0155-4778-B2E7-7917C1A8F053}.Debug|Any CPU.Build.0 = Debug|Any CPU
		{176F0D52-0155-4778-B2E7-7917C1A8F053}.Release|Any CPU.ActiveCfg = Release|Any CPU
		{176F0D52-0155-4778-B2E7-7917C1A8F053}.Release|Any CPU.Build.0 = Release|Any CPU
		{14A5A32E-45E2-40CF-AC66-0EE1533877EF}.Debug|Any CPU.ActiveCfg = Debug|Any CPU
		{14A5A32E-45E2-40CF-AC66-0EE1533877EF}.Debug|Any CPU.Build.0 = Debug|Any CPU
		{14A5A32E-45E2-40CF-AC66-0EE1533877EF}.Release|Any CPU.ActiveCfg = Release|Any CPU
		{14A5A32E-45E2-40CF-AC66-0EE1533877EF}.Release|Any CPU.Build.0 = Release|Any CPU
		{33CAD689-A0AA-457C-8177-F377DCEDBB25}.Debug|Any CPU.ActiveCfg = Debug|Any CPU
		{33CAD689-A0AA-457C-8177-F377DCEDBB25}.Debug|Any CPU.Build.0 = Debug|Any CPU
		{33CAD689-A0AA-457C-8177-F377DCEDBB25}.Release|Any CPU.ActiveCfg = Release|Any CPU
		{33CAD689-A0AA-457C-8177-F377DCEDBB25}.Release|Any CPU.Build.0 = Release|Any CPU
	EndGlobalSection
	GlobalSection(SolutionProperties) = preSolution
		HideSolutionNode = FALSE
	EndGlobalSection
	GlobalSection(ExtensibilityGlobals) = postSolution
		SolutionGuid = {18A69DEF-2561-4F0B-B5DB-A52C78D0EB1D}
	EndGlobalSection
EndGlobal
